<?xml version="1.0" encoding="utf-8"?>
<Project ToolsVersion="4.0" xmlns="http://schemas.microsoft.com/developer/msbuild/2003">
  <ItemGroup>
    <Filter Include="Source Files">
      <UniqueIdentifier>{4FC737F1-C7A5-4376-A066-2A32D752A2FF}</UniqueIdentifier>
      <Extensions>cpp;c;cc;cxx;c++;cppm;ixx;def;odl;idl;hpj;bat;asm;asmx</Extensions>
    </Filter>
    <Filter Include="Header Files">
      <UniqueIdentifier>{93995380-89BD-4b04-88EB-625FBE52EBFB}</UniqueIdentifier>
      <Extensions>h;hh;hpp;hxx;h++;hm;inl;inc;ipp;xsd</Extensions>
    </Filter>
    <Filter Include="Resource Files">
      <UniqueIdentifier>{67DA6AB6-F800-4c08-8B7A-83BB121AAD01}</UniqueIdentifier>
      <Extensions>rc;ico;cur;bmp;dlg;rc2;rct;bin;rgs;gif;jpg;jpeg;jpe;resx;tiff;tif;png;wav;mfcribbon-ms</Extensions>
    </Filter>
    <Filter Include="Source Files\shaders">
      <UniqueIdentifier>{17a49db2-9d38-4442-b15a-fe095c621c51}</UniqueIdentifier>
    </Filter>
    <Filter Include="Source Files\src">
      <UniqueIdentifier>{269819dd-b720-4aa7-a4e5-014094269382}</UniqueIdentifier>
    </Filter>
    <Filter Include="Source Files\src\utils">
      <UniqueIdentifier>{fd48f914-336d-4b4e-ac0a-79ef3a5e2ed2}</UniqueIdentifier>
    </Filter>
    <Filter Include="Source Files\src\opengl">
      <UniqueIdentifier>{edc87dc1-4d91-4a29-b7b5-a3ae2e2accda}</UniqueIdentifier>
    </Filter>
    <Filter Include="Source Files\src\gui">
      <UniqueIdentifier>{38feabaa-7176-40b9-8699-688cda6ba9b0}</UniqueIdentifier>
    </Filter>
  </ItemGroup>
  <ItemGroup>
    <ClInclude Include="src\utils\spawnUtils.h">
      <Filter>Header Files</Filter>
    </ClInclude>
    <ClInclude Include="src\utils\track.h">
      <Filter>Header Files</Filter>
    </ClInclude>
    <ClInclude Include="src\utils\shader.h">
      <Filter>Header Files</Filter>
    </ClInclude>
    <ClInclude Include="src\gui\DrawableShape.h">
      <Filter>Header Files</Filter>
    </ClInclude>
    <ClInclude Include="src\opengl\openglUtils.h">
      <Filter>Header Files</Filter>
    </ClInclude>
  </ItemGroup>
  <ItemGroup>
    <None Include="shaders\fragment_shader.glsl">
      <Filter>Source Files\shaders</Filter>
    </None>
    <None Include="shaders\compute_shader.glsl">
      <Filter>Source Files\shaders</Filter>
    </None>
    <None Include="shaders\decayShader.glsl">
      <Filter>Source Files\shaders</Filter>
    </None>
    <None Include="shaders\map_update_shader.glsl">
      <Filter>Source Files\shaders</Filter>
    </None>
    <None Include="shaders\basic_vertex_shader.glsl">
      <Filter>Source Files\shaders</Filter>
    </None>
  </ItemGroup>
  <ItemGroup>
    <ClCompile Include="src\FollowingParticules.cpp">
      <Filter>Source Files\src</Filter>
    </ClCompile>
    <ClCompile Include="src\glad.c">
      <Filter>Source Files\src</Filter>
    </ClCompile>
    <ClCompile Include="src\utils\spawnUtils.cpp">
      <Filter>Source Files\src\utils</Filter>
    </ClCompile>
    <ClCompile Include="src\opengl\openglUtils.cpp">
      <Filter>Source Files\src\opengl</Filter>
    </ClCompile>
    <ClCompile Include="src\utils\track.cpp">
      <Filter>Source Files\src\utils</Filter>
    </ClCompile>
    <ClCompile Include="src\gui\DrawableShape.cpp">
      <Filter>Source Files\src\gui</Filter>
    </ClCompile>
  </ItemGroup>
</Project>